
Microsoft Visual Studio Solution File, Format Version 12.00
# Visual Studio Version 16
VisualStudioVersion = 16.0.30011.22
MinimumVisualStudioVersion = 10.0.40219.1
Project("{FAE04EC0-301F-11D3-BF4B-00C04F79EFBC}") = "LearningAPI", "LearningAPI\LearningAPI.csproj", "{A94F14C3-2A88-40EB-96EE-F00FAD3F93FF}"
EndProject
Global
	GlobalSection(SolutionConfigurationPlatforms) = preSolution
		Debug|Any CPU = Debug|Any CPU
		Release|Any CPU = Release|Any CPU
	EndGlobalSection
	GlobalSection(ProjectConfigurationPlatforms) = postSolution
		{A94F14C3-2A88-40EB-96EE-F00FAD3F93FF}.Debug|Any CPU.ActiveCfg = Debug|Any CPU
		{A94F14C3-2A88-40EB-96EE-F00FAD3F93FF}.Debug|Any CPU.Build.0 = Debug|Any CPU
		{A94F14C3-2A88-40EB-96EE-F00FAD3F93FF}.Release|Any CPU.ActiveCfg = Release|Any CPU
		{A94F14C3-2A88-40EB-96EE-F00FAD3F93FF}.Release|Any CPU.Build.0 = Release|Any CPU
	EndGlobalSection
	GlobalSection(SolutionProperties) = preSolution
		HideSolutionNode = FALSE
	EndGlobalSection
	GlobalSection(ExtensibilityGlobals) = postSolution
		SolutionGuid = {B4C53B3A-6220-49D9-9976-8867675C7805}
	EndGlobalSection
EndGlobal
